// !$*UTF8*$!
{
	archiveVersion = 1;
	classes = {
	};
	objectVersion = 52;
	objects = {

/* Begin PBXBuildFile section */
		46655C8970B8190982A9EB38 /* Pods_collectionViewTe.framework in Frameworks */ = {isa = PBXBuildFile; fileRef = 6C02E3252A5C7CD6724CF25A /* Pods_collectionViewTe.framework */; };
		C0714DF127F153B700158AC4 /* ProductDetailInfo.swift in Sources */ = {isa = PBXBuildFile; fileRef = C0714DF027F153B700158AC4 /* ProductDetailInfo.swift */; };
		C0BEA72727F5BD3B0092DE1C /* SearchViewController.swift in Sources */ = {isa = PBXBuildFile; fileRef = C0BEA72627F5BD3B0092DE1C /* SearchViewController.swift */; };
		C0BEA72927F693DB0092DE1C /* RecentSearchTableViewCell.swift in Sources */ = {isa = PBXBuildFile; fileRef = C0BEA72827F693DB0092DE1C /* RecentSearchTableViewCell.swift */; };
		C0BEA72B27FAAA640092DE1C /* SettingViewController.swift in Sources */ = {isa = PBXBuildFile; fileRef = C0BEA72A27FAAA640092DE1C /* SettingViewController.swift */; };
		C0BEA72D27FAD0880092DE1C /* LoginViewController.swift in Sources */ = {isa = PBXBuildFile; fileRef = C0BEA72C27FAD0880092DE1C /* LoginViewController.swift */; };
		C0BEA72F27FE86D70092DE1C /* UiDeviceCustom.swift in Sources */ = {isa = PBXBuildFile; fileRef = C0BEA72E27FE86D70092DE1C /* UiDeviceCustom.swift */; };
		C0BEA73127FED11E0092DE1C /* MemberInfo.swift in Sources */ = {isa = PBXBuildFile; fileRef = C0BEA73027FED11E0092DE1C /* MemberInfo.swift */; };
		C0DF367127DED0EC003F7E28 /* AppDelegate.swift in Sources */ = {isa = PBXBuildFile; fileRef = C0DF367027DED0EC003F7E28 /* AppDelegate.swift */; };
		C0DF367327DED0EC003F7E28 /* SceneDelegate.swift in Sources */ = {isa = PBXBuildFile; fileRef = C0DF367227DED0EC003F7E28 /* SceneDelegate.swift */; };
		C0DF367527DED0EC003F7E28 /* ViewController.swift in Sources */ = {isa = PBXBuildFile; fileRef = C0DF367427DED0EC003F7E28 /* ViewController.swift */; };
		C0DF367827DED0EC003F7E28 /* Main.storyboard in Resources */ = {isa = PBXBuildFile; fileRef = C0DF367627DED0EC003F7E28 /* Main.storyboard */; };
		C0DF367A27DED0ED003F7E28 /* Assets.xcassets in Resources */ = {isa = PBXBuildFile; fileRef = C0DF367927DED0ED003F7E28 /* Assets.xcassets */; };
		C0DF367D27DED0ED003F7E28 /* LaunchScreen.storyboard in Resources */ = {isa = PBXBuildFile; fileRef = C0DF367B27DED0ED003F7E28 /* LaunchScreen.storyboard */; };
		C0DF368527DED4A3003F7E28 /* TabCollectionViewCell.swift in Sources */ = {isa = PBXBuildFile; fileRef = C0DF368427DED4A3003F7E28 /* TabCollectionViewCell.swift */; };
		C0DF368727DED4B0003F7E28 /* PageCollectionViewCell.swift in Sources */ = {isa = PBXBuildFile; fileRef = C0DF368627DED4B0003F7E28 /* PageCollectionViewCell.swift */; };
		C0DF368927E026AA003F7E28 /* ProductTableViewCell.swift in Sources */ = {isa = PBXBuildFile; fileRef = C0DF368827E026AA003F7E28 /* ProductTableViewCell.swift */; };
		C0DF368B27E05182003F7E28 /* TabInfo.swift in Sources */ = {isa = PBXBuildFile; fileRef = C0DF368A27E05182003F7E28 /* TabInfo.swift */; };
		C0DF368D27E06EE7003F7E28 /* ProductInfo.swift in Sources */ = {isa = PBXBuildFile; fileRef = C0DF368C27E06EE7003F7E28 /* ProductInfo.swift */; };
		C0DF369027E17D8A003F7E28 /* Kingfisher in Frameworks */ = {isa = PBXBuildFile; productRef = C0DF368F27E17D8A003F7E28 /* Kingfisher */; };
		C0DF369227E1B9D1003F7E28 /* ProductDetailViewController.swift in Sources */ = {isa = PBXBuildFile; fileRef = C0DF369127E1B9D1003F7E28 /* ProductDetailViewController.swift */; };
/* End PBXBuildFile section */

/* Begin PBXFileReference section */
		6C02E3252A5C7CD6724CF25A /* Pods_collectionViewTe.framework */ = {isa = PBXFileReference; explicitFileType = wrapper.framework; includeInIndex = 0; path = Pods_collectionViewTe.framework; sourceTree = BUILT_PRODUCTS_DIR; };
		75E0D6809B6F1A53647951A9 /* Pods-collectionViewTe.release.xcconfig */ = {isa = PBXFileReference; includeInIndex = 1; lastKnownFileType = text.xcconfig; name = "Pods-collectionViewTe.release.xcconfig"; path = "Target Support Files/Pods-collectionViewTe/Pods-collectionViewTe.release.xcconfig"; sourceTree = "<group>"; };
		C0714DF027F153B700158AC4 /* ProductDetailInfo.swift */ = {isa = PBXFileReference; lastKnownFileType = sourcecode.swift; path = ProductDetailInfo.swift; sourceTree = "<group>"; };
		C0BEA72627F5BD3B0092DE1C /* SearchViewController.swift */ = {isa = PBXFileReference; lastKnownFileType = sourcecode.swift; path = SearchViewController.swift; sourceTree = "<group>"; };
		C0BEA72827F693DB0092DE1C /* RecentSearchTableViewCell.swift */ = {isa = PBXFileReference; lastKnownFileType = sourcecode.swift; path = RecentSearchTableViewCell.swift; sourceTree = "<group>"; };
		C0BEA72A27FAAA640092DE1C /* SettingViewController.swift */ = {isa = PBXFileReference; lastKnownFileType = sourcecode.swift; path = SettingViewController.swift; sourceTree = "<group>"; };
		C0BEA72C27FAD0880092DE1C /* LoginViewController.swift */ = {isa = PBXFileReference; lastKnownFileType = sourcecode.swift; path = LoginViewController.swift; sourceTree = "<group>"; };
		C0BEA72E27FE86D70092DE1C /* UiDeviceCustom.swift */ = {isa = PBXFileReference; lastKnownFileType = sourcecode.swift; path = UiDeviceCustom.swift; sourceTree = "<group>"; };
		C0BEA73027FED11E0092DE1C /* MemberInfo.swift */ = {isa = PBXFileReference; lastKnownFileType = sourcecode.swift; path = MemberInfo.swift; sourceTree = "<group>"; };
		C0DF366D27DED0EC003F7E28 /* collectionViewTe.app */ = {isa = PBXFileReference; explicitFileType = wrapper.application; includeInIndex = 0; path = collectionViewTe.app; sourceTree = BUILT_PRODUCTS_DIR; };
		C0DF367027DED0EC003F7E28 /* AppDelegate.swift */ = {isa = PBXFileReference; lastKnownFileType = sourcecode.swift; path = AppDelegate.swift; sourceTree = "<group>"; };
		C0DF367227DED0EC003F7E28 /* SceneDelegate.swift */ = {isa = PBXFileReference; lastKnownFileType = sourcecode.swift; path = SceneDelegate.swift; sourceTree = "<group>"; };
		C0DF367427DED0EC003F7E28 /* ViewController.swift */ = {isa = PBXFileReference; lastKnownFileType = sourcecode.swift; path = ViewController.swift; sourceTree = "<group>"; };
		C0DF367727DED0EC003F7E28 /* Base */ = {isa = PBXFileReference; lastKnownFileType = file.storyboard; name = Base; path = Base.lproj/Main.storyboard; sourceTree = "<group>"; };
		C0DF367927DED0ED003F7E28 /* Assets.xcassets */ = {isa = PBXFileReference; lastKnownFileType = folder.assetcatalog; path = Assets.xcassets; sourceTree = "<group>"; };
		C0DF367C27DED0ED003F7E28 /* Base */ = {isa = PBXFileReference; lastKnownFileType = file.storyboard; name = Base; path = Base.lproj/LaunchScreen.storyboard; sourceTree = "<group>"; };
		C0DF367E27DED0ED003F7E28 /* Info.plist */ = {isa = PBXFileReference; lastKnownFileType = text.plist.xml; path = Info.plist; sourceTree = "<group>"; };
		C0DF368427DED4A3003F7E28 /* TabCollectionViewCell.swift */ = {isa = PBXFileReference; lastKnownFileType = sourcecode.swift; path = TabCollectionViewCell.swift; sourceTree = "<group>"; };
		C0DF368627DED4B0003F7E28 /* PageCollectionViewCell.swift */ = {isa = PBXFileReference; lastKnownFileType = sourcecode.swift; path = PageCollectionViewCell.swift; sourceTree = "<group>"; };
		C0DF368827E026AA003F7E28 /* ProductTableViewCell.swift */ = {isa = PBXFileReference; lastKnownFileType = sourcecode.swift; path = ProductTableViewCell.swift; sourceTree = "<group>"; };
		C0DF368A27E05182003F7E28 /* TabInfo.swift */ = {isa = PBXFileReference; lastKnownFileType = sourcecode.swift; path = TabInfo.swift; sourceTree = "<group>"; };
		C0DF368C27E06EE7003F7E28 /* ProductInfo.swift */ = {isa = PBXFileReference; lastKnownFileType = sourcecode.swift; path = ProductInfo.swift; sourceTree = "<group>"; };
		C0DF369127E1B9D1003F7E28 /* ProductDetailViewController.swift */ = {isa = PBXFileReference; lastKnownFileType = sourcecode.swift; path = ProductDetailViewController.swift; sourceTree = "<group>"; };
		F8A794F3799A55B1F91FD9AB /* Pods-collectionViewTe.debug.xcconfig */ = {isa = PBXFileReference; includeInIndex = 1; lastKnownFileType = text.xcconfig; name = "Pods-collectionViewTe.debug.xcconfig"; path = "Target Support Files/Pods-collectionViewTe/Pods-collectionViewTe.debug.xcconfig"; sourceTree = "<group>"; };
/* End PBXFileReference section */

/* Begin PBXFrameworksBuildPhase section */
		C0DF366A27DED0EC003F7E28 /* Frameworks */ = {
			isa = PBXFrameworksBuildPhase;
			buildActionMask = 2147483647;
			files = (
				C0DF369027E17D8A003F7E28 /* Kingfisher in Frameworks */,
				46655C8970B8190982A9EB38 /* Pods_collectionViewTe.framework in Frameworks */,
			);
			runOnlyForDeploymentPostprocessing = 0;
		};
/* End PBXFrameworksBuildPhase section */

/* Begin PBXGroup section */
		4E2D8DC0CF84DD45B7B26075 /* Frameworks */ = {
			isa = PBXGroup;
			children = (
				6C02E3252A5C7CD6724CF25A /* Pods_collectionViewTe.framework */,
			);
			name = Frameworks;
			sourceTree = "<group>";
		};
		64146997C8ED65354F7658E3 /* Pods */ = {
			isa = PBXGroup;
			children = (
				F8A794F3799A55B1F91FD9AB /* Pods-collectionViewTe.debug.xcconfig */,
				75E0D6809B6F1A53647951A9 /* Pods-collectionViewTe.release.xcconfig */,
			);
			path = Pods;
			sourceTree = "<group>";
		};
		C0DF366427DED0EC003F7E28 = {
			isa = PBXGroup;
			children = (
				C0DF366F27DED0EC003F7E28 /* collectionViewTe */,
				C0DF366E27DED0EC003F7E28 /* Products */,
				64146997C8ED65354F7658E3 /* Pods */,
				4E2D8DC0CF84DD45B7B26075 /* Frameworks */,
			);
			sourceTree = "<group>";
		};
		C0DF366E27DED0EC003F7E28 /* Products */ = {
			isa = PBXGroup;
			children = (
				C0DF366D27DED0EC003F7E28 /* collectionViewTe.app */,
			);
			name = Products;
			sourceTree = "<group>";
		};
		C0DF366F27DED0EC003F7E28 /* collectionViewTe */ = {
			isa = PBXGroup;
			children = (
				C0DF367027DED0EC003F7E28 /* AppDelegate.swift */,
				C0DF367227DED0EC003F7E28 /* SceneDelegate.swift */,
				C0DF367427DED0EC003F7E28 /* ViewController.swift */,
				C0DF367627DED0EC003F7E28 /* Main.storyboard */,
				C0DF367927DED0ED003F7E28 /* Assets.xcassets */,
				C0DF367B27DED0ED003F7E28 /* LaunchScreen.storyboard */,
				C0DF367E27DED0ED003F7E28 /* Info.plist */,
				C0DF368427DED4A3003F7E28 /* TabCollectionViewCell.swift */,
				C0DF368627DED4B0003F7E28 /* PageCollectionViewCell.swift */,
				C0DF368827E026AA003F7E28 /* ProductTableViewCell.swift */,
				C0DF368A27E05182003F7E28 /* TabInfo.swift */,
				C0DF368C27E06EE7003F7E28 /* ProductInfo.swift */,
				C0DF369127E1B9D1003F7E28 /* ProductDetailViewController.swift */,
				C0714DF027F153B700158AC4 /* ProductDetailInfo.swift */,
				C0BEA72627F5BD3B0092DE1C /* SearchViewController.swift */,
				C0BEA72827F693DB0092DE1C /* RecentSearchTableViewCell.swift */,
				C0BEA72A27FAAA640092DE1C /* SettingViewController.swift */,
				C0BEA72C27FAD0880092DE1C /* LoginViewController.swift */,
				C0BEA72E27FE86D70092DE1C /* UiDeviceCustom.swift */,
				C0BEA73027FED11E0092DE1C /* MemberInfo.swift */,
			);
			path = collectionViewTe;
			sourceTree = "<group>";
		};
/* End PBXGroup section */

/* Begin PBXNativeTarget section */
		C0DF366C27DED0EC003F7E28 /* collectionViewTe */ = {
			isa = PBXNativeTarget;
			buildConfigurationList = C0DF368127DED0ED003F7E28 /* Build configuration list for PBXNativeTarget "collectionViewTe" */;
			buildPhases = (
				AFAB2B537534E3D535F39687 /* [CP] Check Pods Manifest.lock */,
				C0DF366927DED0EC003F7E28 /* Sources */,
				C0DF366A27DED0EC003F7E28 /* Frameworks */,
				C0DF366B27DED0EC003F7E28 /* Resources */,
				4B6F410E7813BF16305EAF3B /* [CP] Embed Pods Frameworks */,
			);
			buildRules = (
			);
			dependencies = (
			);
			name = collectionViewTe;
			packageProductDependencies = (
				C0DF368F27E17D8A003F7E28 /* Kingfisher */,
			);
			productName = collectionViewTe;
			productReference = C0DF366D27DED0EC003F7E28 /* collectionViewTe.app */;
			productType = "com.apple.product-type.application";
		};
/* End PBXNativeTarget section */

/* Begin PBXProject section */
		C0DF366527DED0EC003F7E28 /* Project object */ = {
			isa = PBXProject;
			attributes = {
				LastSwiftUpdateCheck = 1250;
				LastUpgradeCheck = 1250;
				TargetAttributes = {
					C0DF366C27DED0EC003F7E28 = {
						CreatedOnToolsVersion = 12.5.1;
					};
				};
			};
			buildConfigurationList = C0DF366827DED0EC003F7E28 /* Build configuration list for PBXProject "collectionViewTe" */;
			compatibilityVersion = "Xcode 9.3";
			developmentRegion = en;
			hasScannedForEncodings = 0;
			knownRegions = (
				en,
				Base,
			);
			mainGroup = C0DF366427DED0EC003F7E28;
			packageReferences = (
				C0DF368E27E17D8A003F7E28 /* XCRemoteSwiftPackageReference "Kingfisher" */,
			);
			productRefGroup = C0DF366E27DED0EC003F7E28 /* Products */;
			projectDirPath = "";
			projectRoot = "";
			targets = (
				C0DF366C27DED0EC003F7E28 /* collectionViewTe */,
			);
		};
/* End PBXProject section */

/* Begin PBXResourcesBuildPhase section */
		C0DF366B27DED0EC003F7E28 /* Resources */ = {
			isa = PBXResourcesBuildPhase;
			buildActionMask = 2147483647;
			files = (
				C0DF367D27DED0ED003F7E28 /* LaunchScreen.storyboard in Resources */,
				C0DF367A27DED0ED003F7E28 /* Assets.xcassets in Resources */,
				C0DF367827DED0EC003F7E28 /* Main.storyboard in Resources */,
			);
			runOnlyForDeploymentPostprocessing = 0;
		};
/* End PBXResourcesBuildPhase section */

/* Begin PBXShellScriptBuildPhase section */
		4B6F410E7813BF16305EAF3B /* [CP] Embed Pods Frameworks */ = {
			isa = PBXShellScriptBuildPhase;
			buildActionMask = 2147483647;
			files = (
			);
			inputFileListPaths = (
				"${PODS_ROOT}/Target Support Files/Pods-collectionViewTe/Pods-collectionViewTe-frameworks-${CONFIGURATION}-input-files.xcfilelist",
			);
			name = "[CP] Embed Pods Frameworks";
			outputFileListPaths = (
				"${PODS_ROOT}/Target Support Files/Pods-collectionViewTe/Pods-collectionViewTe-frameworks-${CONFIGURATION}-output-files.xcfilelist",
			);
			runOnlyForDeploymentPostprocessing = 0;
			shellPath = /bin/sh;
			shellScript = "\"${PODS_ROOT}/Target Support Files/Pods-collectionViewTe/Pods-collectionViewTe-frameworks.sh\"\n";
			showEnvVarsInLog = 0;
		};
		AFAB2B537534E3D535F39687 /* [CP] Check Pods Manifest.lock */ = {
			isa = PBXShellScriptBuildPhase;
			buildActionMask = 2147483647;
			files = (
			);
			inputFileListPaths = (
			);
			inputPaths = (
				"${PODS_PODFILE_DIR_PATH}/Podfile.lock",
				"${PODS_ROOT}/Manifest.lock",
			);
			name = "[CP] Check Pods Manifest.lock";
			outputFileListPaths = (
			);
			outputPaths = (
				"$(DERIVED_FILE_DIR)/Pods-collectionViewTe-checkManifestLockResult.txt",
			);
			runOnlyForDeploymentPostprocessing = 0;
			shellPath = /bin/sh;
			shellScript = "diff \"${PODS_PODFILE_DIR_PATH}/Podfile.lock\" \"${PODS_ROOT}/Manifest.lock\" > /dev/null\nif [ $? != 0 ] ; then\n    # print error to STDERR\n    echo \"error: The sandbox is not in sync with the Podfile.lock. Run 'pod install' or update your CocoaPods installation.\" >&2\n    exit 1\nfi\n# This output is used by Xcode 'outputs' to avoid re-running this script phase.\necho \"SUCCESS\" > \"${SCRIPT_OUTPUT_FILE_0}\"\n";
			showEnvVarsInLog = 0;
		};
/* End PBXShellScriptBuildPhase section */

/* Begin PBXSourcesBuildPhase section */
		C0DF366927DED0EC003F7E28 /* Sources */ = {
			isa = PBXSourcesBuildPhase;
			buildActionMask = 2147483647;
			files = (
				C0BEA72D27FAD0880092DE1C /* LoginViewController.swift in Sources */,
				C0DF368527DED4A3003F7E28 /* TabCollectionViewCell.swift in Sources */,
				C0BEA72727F5BD3B0092DE1C /* SearchViewController.swift in Sources */,
				C0DF368D27E06EE7003F7E28 /* ProductInfo.swift in Sources */,
				C0BEA72B27FAAA640092DE1C /* SettingViewController.swift in Sources */,
				C0DF369227E1B9D1003F7E28 /* ProductDetailViewController.swift in Sources */,
				C0DF367527DED0EC003F7E28 /* ViewController.swift in Sources */,
				C0DF368727DED4B0003F7E28 /* PageCollectionViewCell.swift in Sources */,
				C0DF367127DED0EC003F7E28 /* AppDelegate.swift in Sources */,
				C0DF367327DED0EC003F7E28 /* SceneDelegate.swift in Sources */,
				C0BEA72927F693DB0092DE1C /* RecentSearchTableViewCell.swift in Sources */,
				C0DF368B27E05182003F7E28 /* TabInfo.swift in Sources */,
				C0BEA72F27FE86D70092DE1C /* UiDeviceCustom.swift in Sources */,
				C0714DF127F153B700158AC4 /* ProductDetailInfo.swift in Sources */,
				C0DF368927E026AA003F7E28 /* ProductTableViewCell.swift in Sources */,
				C0BEA73127FED11E0092DE1C /* MemberInfo.swift in Sources */,
			);
			runOnlyForDeploymentPostprocessing = 0;
		};
/* End PBXSourcesBuildPhase section */

/* Begin PBXVariantGroup section */
		C0DF367627DED0EC003F7E28 /* Main.storyboard */ = {
			isa = PBXVariantGroup;
			children = (
				C0DF367727DED0EC003F7E28 /* Base */,
			);
			name = Main.storyboard;
			sourceTree = "<group>";
		};
		C0DF367B27DED0ED003F7E28 /* LaunchScreen.storyboard */ = {
			isa = PBXVariantGroup;
			children = (
				C0DF367C27DED0ED003F7E28 /* Base */,
			);
			name = LaunchScreen.storyboard;
			sourceTree = "<group>";
		};
/* End PBXVariantGroup section */

/* Begin XCBuildConfiguration section */
		C0DF367F27DED0ED003F7E28 /* Debug */ = {
			isa = XCBuildConfiguration;
			buildSettings = {
				ALWAYS_SEARCH_USER_PATHS = NO;
				CLANG_ANALYZER_NONNULL = YES;
				CLANG_ANALYZER_NUMBER_OBJECT_CONVERSION = YES_AGGRESSIVE;
				CLANG_CXX_LANGUAGE_STANDARD = "gnu++14";
				CLANG_CXX_LIBRARY = "libc++";
				CLANG_ENABLE_MODULES = YES;
				CLANG_ENABLE_OBJC_ARC = YES;
				CLANG_ENABLE_OBJC_WEAK = YES;
				CLANG_WARN_BLOCK_CAPTURE_AUTORELEASING = YES;
				CLANG_WARN_BOOL_CONVERSION = YES;
				CLANG_WARN_COMMA = YES;
				CLANG_WARN_CONSTANT_CONVERSION = YES;
				CLANG_WARN_DEPRECATED_OBJC_IMPLEMENTATIONS = YES;
				CLANG_WARN_DIRECT_OBJC_ISA_USAGE = YES_ERROR;
				CLANG_WARN_DOCUMENTATION_COMMENTS = YES;
				CLANG_WARN_EMPTY_BODY = YES;
				CLANG_WARN_ENUM_CONVERSION = YES;
				CLANG_WARN_INFINITE_RECURSION = YES;
				CLANG_WARN_INT_CONVERSION = YES;
				CLANG_WARN_NON_LITERAL_NULL_CONVERSION = YES;
				CLANG_WARN_OBJC_IMPLICIT_RETAIN_SELF = YES;
				CLANG_WARN_OBJC_LITERAL_CONVERSION = YES;
				CLANG_WARN_OBJC_ROOT_CLASS = YES_ERROR;
				CLANG_WARN_QUOTED_INCLUDE_IN_FRAMEWORK_HEADER = YES;
				CLANG_WARN_RANGE_LOOP_ANALYSIS = YES;
				CLANG_WARN_STRICT_PROTOTYPES = YES;
				CLANG_WARN_SUSPICIOUS_MOVE = YES;
				CLANG_WARN_UNGUARDED_AVAILABILITY = YES_AGGRESSIVE;
				CLANG_WARN_UNREACHABLE_CODE = YES;
				CLANG_WARN__DUPLICATE_METHOD_MATCH = YES;
				COPY_PHASE_STRIP = NO;
				DEBUG_INFORMATION_FORMAT = dwarf;
				ENABLE_STRICT_OBJC_MSGSEND = YES;
				ENABLE_TESTABILITY = YES;
				GCC_C_LANGUAGE_STANDARD = gnu11;
				GCC_DYNAMIC_NO_PIC = NO;
				GCC_NO_COMMON_BLOCKS = YES;
				GCC_OPTIMIZATION_LEVEL = 0;
				GCC_PREPROCESSOR_DEFINITIONS = (
					"DEBUG=1",
					"$(inherited)",
				);
				GCC_WARN_64_TO_32_BIT_CONVERSION = YES;
				GCC_WARN_ABOUT_RETURN_TYPE = YES_ERROR;
				GCC_WARN_UNDECLARED_SELECTOR = YES;
				GCC_WARN_UNINITIALIZED_AUTOS = YES_AGGRESSIVE;
				GCC_WARN_UNUSED_FUNCTION = YES;
				GCC_WARN_UNUSED_VARIABLE = YES;
				IPHONEOS_DEPLOYMENT_TARGET = 14.5;
				MTL_ENABLE_DEBUG_INFO = INCLUDE_SOURCE;
				MTL_FAST_MATH = YES;
				ONLY_ACTIVE_ARCH = YES;
				SDKROOT = iphoneos;
				SWIFT_ACTIVE_COMPILATION_CONDITIONS = DEBUG;
				SWIFT_OPTIMIZATION_LEVEL = "-Onone";
			};
			name = Debug;
		};
		C0DF368027DED0ED003F7E28 /* Release */ = {
			isa = XCBuildConfiguration;
			buildSettings = {
				ALWAYS_SEARCH_USER_PATHS = NO;
				CLANG_ANALYZER_NONNULL = YES;
				CLANG_ANALYZER_NUMBER_OBJECT_CONVERSION = YES_AGGRESSIVE;
				CLANG_CXX_LANGUAGE_STANDARD = "gnu++14";
				CLANG_CXX_LIBRARY = "libc++";
				CLANG_ENABLE_MODULES = YES;
				CLANG_ENABLE_OBJC_ARC = YES;
				CLANG_ENABLE_OBJC_WEAK = YES;
				CLANG_WARN_BLOCK_CAPTURE_AUTORELEASING = YES;
				CLANG_WARN_BOOL_CONVERSION = YES;
				CLANG_WARN_COMMA = YES;
				CLANG_WARN_CONSTANT_CONVERSION = YES;
				CLANG_WARN_DEPRECATED_OBJC_IMPLEMENTATIONS = YES;
				CLANG_WARN_DIRECT_OBJC_ISA_USAGE = YES_ERROR;
				CLANG_WARN_DOCUMENTATION_COMMENTS = YES;
				CLANG_WARN_EMPTY_BODY = YES;
				CLANG_WARN_ENUM_CONVERSION = YES;
				CLANG_WARN_INFINITE_RECURSION = YES;
				CLANG_WARN_INT_CONVERSION = YES;
				CLANG_WARN_NON_LITERAL_NULL_CONVERSION = YES;
				CLANG_WARN_OBJC_IMPLICIT_RETAIN_SELF = YES;
				CLANG_WARN_OBJC_LITERAL_CONVERSION = YES;
				CLANG_WARN_OBJC_ROOT_CLASS = YES_ERROR;
				CLANG_WARN_QUOTED_INCLUDE_IN_FRAMEWORK_HEADER = YES;
				CLANG_WARN_RANGE_LOOP_ANALYSIS = YES;
				CLANG_WARN_STRICT_PROTOTYPES = YES;
				CLANG_WARN_SUSPICIOUS_MOVE = YES;
				CLANG_WARN_UNGUARDED_AVAILABILITY = YES_AGGRESSIVE;
				CLANG_WARN_UNREACHABLE_CODE = YES;
				CLANG_WARN__DUPLICATE_METHOD_MATCH = YES;
				COPY_PHASE_STRIP = NO;
				DEBUG_INFORMATION_FORMAT = "dwarf-with-dsym";
				ENABLE_NS_ASSERTIONS = NO;
				ENABLE_STRICT_OBJC_MSGSEND = YES;
				GCC_C_LANGUAGE_STANDARD = gnu11;
				GCC_NO_COMMON_BLOCKS = YES;
				GCC_WARN_64_TO_32_BIT_CONVERSION = YES;
				GCC_WARN_ABOUT_RETURN_TYPE = YES_ERROR;
				GCC_WARN_UNDECLARED_SELECTOR = YES;
				GCC_WARN_UNINITIALIZED_AUTOS = YES_AGGRESSIVE;
				GCC_WARN_UNUSED_FUNCTION = YES;
				GCC_WARN_UNUSED_VARIABLE = YES;
				IPHONEOS_DEPLOYMENT_TARGET = 14.5;
				MTL_ENABLE_DEBUG_INFO = NO;
				MTL_FAST_MATH = YES;
				SDKROOT = iphoneos;
				SWIFT_COMPILATION_MODE = wholemodule;
				SWIFT_OPTIMIZATION_LEVEL = "-O";
				VALIDATE_PRODUCT = YES;
			};
			name = Release;
		};
		C0DF368227DED0ED003F7E28 /* Debug */ = {
			isa = XCBuildConfiguration;
			baseConfigurationReference = F8A794F3799A55B1F91FD9AB /* Pods-collectionViewTe.debug.xcconfig */;
			buildSettings = {
				ASSETCATALOG_COMPILER_APPICON_NAME = AppIcon;
				ASSETCATALOG_COMPILER_GLOBAL_ACCENT_COLOR_NAME = AccentColor;
				CODE_SIGN_STYLE = Automatic;
				DEVELOPMENT_TEAM = 5A89L4672L;
				INFOPLIST_FILE = collectionViewTe/Info.plist;
				LD_RUNPATH_SEARCH_PATHS = (
					"$(inherited)",
					"@executable_path/Frameworks",
				);
				PRODUCT_BUNDLE_IDENTIFIER = com.study.collectionViewTe;
				PRODUCT_NAME = "$(TARGET_NAME)";
				SWIFT_VERSION = 5.0;
				TARGETED_DEVICE_FAMILY = "1,2";
			};
			name = Debug;
		};
		C0DF368327DED0ED003F7E28 /* Release */ = {
			isa = XCBuildConfiguration;
			baseConfigurationReference = 75E0D6809B6F1A53647951A9 /* Pods-collectionViewTe.release.xcconfig */;
			buildSettings = {
				ASSETCATALOG_COMPILER_APPICON_NAME = AppIcon;
				ASSETCATALOG_COMPILER_GLOBAL_ACCENT_COLOR_NAME = AccentColor;
				CODE_SIGN_STYLE = Automatic;
				DEVELOPMENT_TEAM = 5A89L4672L;
				INFOPLIST_FILE = collectionViewTe/Info.plist;
				LD_RUNPATH_SEARCH_PATHS = (
					"$(inherited)",
					"@executable_path/Frameworks",
				);
				PRODUCT_BUNDLE_IDENTIFIER = com.study.collectionViewTe;
				PRODUCT_NAME = "$(TARGET_NAME)";
				SWIFT_VERSION = 5.0;
				TARGETED_DEVICE_FAMILY = "1,2";
			};
			name = Release;
		};
/* End XCBuildConfiguration section */

/* Begin XCConfigurationList section */
		C0DF366827DED0EC003F7E28 /* Build configuration list for PBXProject "collectionViewTe" */ = {
			isa = XCConfigurationList;
			buildConfigurations = (
				C0DF367F27DED0ED003F7E28 /* Debug */,
				C0DF368027DED0ED003F7E28 /* Release */,
			);
			defaultConfigurationIsVisible = 0;
			defaultConfigurationName = Release;
		};
		C0DF368127DED0ED003F7E28 /* Build configuration list for PBXNativeTarget "collectionViewTe" */ = {
			isa = XCConfigurationList;
			buildConfigurations = (
				C0DF368227DED0ED003F7E28 /* Debug */,
				C0DF368327DED0ED003F7E28 /* Release */,
			);
			defaultConfigurationIsVisible = 0;
			defaultConfigurationName = Release;
		};
/* End XCConfigurationList section */

/* Begin XCRemoteSwiftPackageReference section */
		C0DF368E27E17D8A003F7E28 /* XCRemoteSwiftPackageReference "Kingfisher" */ = {
			isa = XCRemoteSwiftPackageReference;
			repositoryURL = "https://github.com/onevcat/Kingfisher.git";
			requirement = {
				kind = upToNextMajorVersion;
				minimumVersion = 7.2.0;
			};
		};
/* End XCRemoteSwiftPackageReference section */

/* Begin XCSwiftPackageProductDependency section */
		C0DF368F27E17D8A003F7E28 /* Kingfisher */ = {
			isa = XCSwiftPackageProductDependency;
			package = C0DF368E27E17D8A003F7E28 /* XCRemoteSwiftPackageReference "Kingfisher" */;
			productName = Kingfisher;
		};
/* End XCSwiftPackageProductDependency section */
	};
	rootObject = C0DF366527DED0EC003F7E28 /* Project object */;
}
